%% THIS FILE IS GENERATED. DO NOT EDIT IT MANUALLY %%

{sub_dirs,["rel"]}.
{cover_enabled,true}.
{lib_dirs,["deps","apps"]}.
{erl_opts,[debug_info,warnings_as_errors,{parse_transform,lager_transform}]}.
{xref_checks,[undefined_function_calls]}.
{xref_queries,[{"(XC - UC) || (XU - X - B)",[]}]}.
{reset_after_eunit,true}.
{eunit_opts,[verbose]}.
{ct_log_dir,"ct_log"}.
{edoc_opts,[preprocess,{dir,"edoc"}]}.
{deps,[{goldrush,".*",
                 {git,"git://github.com/DeadZen/goldrush.git",
                      "71e63212f12c25827e0c1b4198d37d5d018a7fec"}},
       {lager,".*",
              {git,"git://github.com/basho/lager",
                   "b6b6cebcb27ccff8acc59ae775acebc2f52e4926"}},
       {syslog,".*",
               {git,"git://github.com/Vagabond/erlang-syslog.git",
                    "918c9b453e0811b24f2c99b35b712b0ef9f29c7e"}},
       {lager_syslog,".*",
                     {git,"git://github.com/basho/lager_syslog",
                          "fa2e7e3daee0d0a59dadb820fd3381eac4a65770"}},
       {rebar_lock_deps_plugin,".*",
                               {git,"git://github.com/seth/rebar_lock_deps_plugin.git",
                                    "7a5835029c42b8138325405237ea7e8516a84800"}},
       {mochiweb,".*",
                 {git,"git://github.com/basho/mochiweb",
                      "ade2a9b29a11034eb550c1d79b4f991bf5ca05ba"}},
       {idna,".*",
             {git,"https://github.com/benoitc/erlang-idna",
                  "40c682fef283b7c3871c4b59aa0469304c6613ef"}},
       {mimerl,".*",
               {git,"https://github.com/benoitc/mimerl",
                    "678aba028a690da6822c87410d475841c048b6bf"}},
       {certifi,".*",
                {git,"https://github.com/certifi/erlang-certifi",
                     "3e86db680c8b7194c84832fbd6d438158f171996"}},
       {metrics,".*",
                {git,"https://github.com/benoitc/erlang-metrics",
                     "c6eb4dcf29f9e907539915e2ab996f40c2ec7e8e"}},
       {ssl_verify_fun,".*",
                       {git,"https://github.com/deadtrickster/ssl_verify_fun.erl",
                            "e76d93737dea126a030f4ed153f158b2139961e3"}},
       {hackney,".*",
                {git,"git://github.com/benoitc/hackney",
                     "66a53291d3fef4f46f7baa99016725c7659aa022"}},
       {meck,".*",
             {git,"https://github.com/eproxus/meck.git",
                  "c772db17a7c94e75d20688197f61538d63fe2ae9"}},
       {mustache,".*",
                 {git,"git://github.com/mojombo/mustache.erl",
                      "5ac1f216f7db5c16f441235b9008050d7c2ffd55"}},
       {gpb,".*",
            {git,"git://github.com/tomas-abrahamsson/gpb.git",
                 "be6d7f6a7075d1f726d1cc788753710e98d0161d"}},
       {erl_mesos,".*",
                  {git,"git://github.com/basho-labs/mesos-erlang",
                       "61cc28851e054e66dfe9dbd9b7a8e4bb4c5ac99a"}},
       {erlzk,".*",
              {git,"git://github.com/huaban/erlzk.git",
                   "1fa486c7b65e96f5421d977b22df526dd47e87bc"}},
       {riak_mesos_md_mgr,".*",
                          {git,"git://github.com/basho-labs/riak-mesos-metadata-manager.git",
                               "918846336dcef0d7b484dac48597be598fb57878"}},
       {erlpmd,".*",
               {git,"git://github.com/sanmiguel/erlpmd.git",
                    "b572db4a21496792055c2ebcd6a9c14dec673aa2"}},
       {erlexec,".*",
                {git,"git://github.com/saleyn/erlexec.git",
                     "d4d3fc9aa7f3630b1ef77e56040f59f6e5a51ef6"}}]}.
{plugins,[rebar_lock_deps_plugin]}.

